
Microsoft Visual Studio Solution File, Format Version 12.00
# Visual Studio Version 17
VisualStudioVersion = 17.14.37111.16
MinimumVisualStudioVersion = 10.0.40219.1
Project("{FAE04EC0-301F-11D3-BF4B-00C04F79EFBC}") = "TicketAPI", "TicketAPI\TicketAPI.csproj", "{29A03D45-F655-4C44-9BD9-BC4B0209537E}"
EndProject
Project("{FAE04EC0-301F-11D3-BF4B-00C04F79EFBC}") = "TicketAPI.DAL", "TicketAPI.DAL\TicketAPI.DAL.csproj", "{4E5E1483-CD57-4EB6-A346-2A36250FF642}"
EndProject
Project("{FAE04EC0-301F-11D3-BF4B-00C04F79EFBC}") = "TicketAPI.Core", "TicketAPI.CORE\TicketAPI.Core.csproj", "{ADE4A664-CEDA-4995-9A03-72E5ACBF18B9}"
EndProject
Global
	GlobalSection(SolutionConfigurationPlatforms) = preSolution
		Debug|Any CPU = Debug|Any CPU
		Release|Any CPU = Release|Any CPU
	EndGlobalSection
	GlobalSection(ProjectConfigurationPlatforms) = postSolution
		{29A03D45-F655-4C44-9BD9-BC4B0209537E}.Debug|Any CPU.ActiveCfg = Debug|Any CPU
		{29A03D45-F655-4C44-9BD9-BC4B0209537E}.Debug|Any CPU.Build.0 = Debug|Any CPU
		{29A03D45-F655-4C44-9BD9-BC4B0209537E}.Release|Any CPU.ActiveCfg = Release|Any CPU
		{29A03D45-F655-4C44-9BD9-BC4B0209537E}.Release|Any CPU.Build.0 = Release|Any CPU
		{4E5E1483-CD57-4EB6-A346-2A36250FF642}.Debug|Any CPU.ActiveCfg = Debug|Any CPU
		{4E5E1483-CD57-4EB6-A346-2A36250FF642}.Debug|Any CPU.Build.0 = Debug|Any CPU
		{4E5E1483-CD57-4EB6-A346-2A36250FF642}.Release|Any CPU.ActiveCfg = Release|Any CPU
		{4E5E1483-CD57-4EB6-A346-2A36250FF642}.Release|Any CPU.Build.0 = Release|Any CPU
		{ADE4A664-CEDA-4995-9A03-72E5ACBF18B9}.Debug|Any CPU.ActiveCfg = Debug|Any CPU
		{ADE4A664-CEDA-4995-9A03-72E5ACBF18B9}.Debug|Any CPU.Build.0 = Debug|Any CPU
		{ADE4A664-CEDA-4995-9A03-72E5ACBF18B9}.Release|Any CPU.ActiveCfg = Release|Any CPU
		{ADE4A664-CEDA-4995-9A03-72E5ACBF18B9}.Release|Any CPU.Build.0 = Release|Any CPU	EndGlobalSection
	GlobalSection(SolutionProperties) = preSolution
		HideSolutionNode = FALSE
	EndGlobalSection
	GlobalSection(ExtensibilityGlobals) = postSolution
		SolutionGuid = {A0004AB6-32F9-4BA8-BF8D-0F1BD2E6ABCB}
	EndGlobalSection
EndGlobal
